
Microsoft Visual Studio Solution File, Format Version 12.00
# Visual Studio 15
VisualStudioVersion = 15.0.27004.2009
MinimumVisualStudioVersion = 10.0.40219.1
Project("{FAE04EC0-301F-11D3-BF4B-00C04F79EFBC}") = "BinaryNode", "BinaryNode\BinaryNode.csproj", "{CD4602D0-50FD-42B9-9EC5-8B0BF3B2DF57}"
EndProject
Project("{FAE04EC0-301F-11D3-BF4B-00C04F79EFBC}") = "BinaryHeap", "BinaryHeap\BinaryHeap.csproj", "{55A1AFBA-66A7-4AA8-80C5-37605C642E49}"
EndProject
Global
	GlobalSection(SolutionConfigurationPlatforms) = preSolution
		Debug|Any CPU = Debug|Any CPU
		Release|Any CPU = Release|Any CPU
	EndGlobalSection
	GlobalSection(ProjectConfigurationPlatforms) = postSolution
		{CD4602D0-50FD-42B9-9EC5-8B0BF3B2DF57}.Debug|Any CPU.ActiveCfg = Debug|Any CPU
		{CD4602D0-50FD-42B9-9EC5-8B0BF3B2DF57}.Debug|Any CPU.Build.0 = Debug|Any CPU
		{CD4602D0-50FD-42B9-9EC5-8B0BF3B2DF57}.Release|Any CPU.ActiveCfg = Release|Any CPU
		{CD4602D0-50FD-42B9-9EC5-8B0BF3B2DF57}.Release|Any CPU.Build.0 = Release|Any CPU
		{55A1AFBA-66A7-4AA8-80C5-37605C642E49}.Debug|Any CPU.ActiveCfg = Debug|Any CPU
		{55A1AFBA-66A7-4AA8-80C5-37605C642E49}.Debug|Any CPU.Build.0 = Debug|Any CPU
		{55A1AFBA-66A7-4AA8-80C5-37605C642E49}.Release|Any CPU.ActiveCfg = Release|Any CPU
		{55A1AFBA-66A7-4AA8-80C5-37605C642E49}.Release|Any CPU.Build.0 = Release|Any CPU
	EndGlobalSection
	GlobalSection(SolutionProperties) = preSolution
		HideSolutionNode = FALSE
	EndGlobalSection
	GlobalSection(ExtensibilityGlobals) = postSolution
		SolutionGuid = {1D18605D-3BC7-453B-A0C1-CDA343886C71}
	EndGlobalSection
EndGlobal
