
Microsoft Visual Studio Solution File, Format Version 12.00
# Visual Studio 15
VisualStudioVersion = 15.0.27004.2010
MinimumVisualStudioVersion = 10.0.40219.1
Project("{FAE04EC0-301F-11D3-BF4B-00C04F79EFBC}") = "GroupAlgorithm", "GroupAlgorithm\GroupAlgorithm.csproj", "{7F6E267B-70CF-4E29-BDDF-35AD90F88502}"
EndProject
Global
	GlobalSection(SolutionConfigurationPlatforms) = preSolution
		Debug|Any CPU = Debug|Any CPU
		Release|Any CPU = Release|Any CPU
	EndGlobalSection
	GlobalSection(ProjectConfigurationPlatforms) = postSolution
		{7F6E267B-70CF-4E29-BDDF-35AD90F88502}.Debug|Any CPU.ActiveCfg = Debug|Any CPU
		{7F6E267B-70CF-4E29-BDDF-35AD90F88502}.Debug|Any CPU.Build.0 = Debug|Any CPU
		{7F6E267B-70CF-4E29-BDDF-35AD90F88502}.Release|Any CPU.ActiveCfg = Release|Any CPU
		{7F6E267B-70CF-4E29-BDDF-35AD90F88502}.Release|Any CPU.Build.0 = Release|Any CPU
	EndGlobalSection
	GlobalSection(SolutionProperties) = preSolution
		HideSolutionNode = FALSE
	EndGlobalSection
	GlobalSection(ExtensibilityGlobals) = postSolution
		SolutionGuid = {63B6A8FC-FA27-4419-A999-BD30D3A9FA5E}
	EndGlobalSection
EndGlobal
