
Microsoft Visual Studio Solution File, Format Version 12.00
# Visual Studio 15
VisualStudioVersion = 15.0.27004.2010
MinimumVisualStudioVersion = 10.0.40219.1
Project("{FAE04EC0-301F-11D3-BF4B-00C04F79EFBC}") = "BinarySearch", "BinarySearch\BinarySearch.csproj", "{35AF6D5B-E167-4B4C-AB96-ACB9A44547E2}"
EndProject
Project("{FAE04EC0-301F-11D3-BF4B-00C04F79EFBC}") = "BinarySearchWithRank", "BinarySearchWithRank\BinarySearchWithRank.csproj", "{C9D51F72-30B8-4AD3-9ED4-7A9B1356B11A}"
EndProject
Global
	GlobalSection(SolutionConfigurationPlatforms) = preSolution
		Debug|Any CPU = Debug|Any CPU
		Release|Any CPU = Release|Any CPU
	EndGlobalSection
	GlobalSection(ProjectConfigurationPlatforms) = postSolution
		{35AF6D5B-E167-4B4C-AB96-ACB9A44547E2}.Debug|Any CPU.ActiveCfg = Debug|Any CPU
		{35AF6D5B-E167-4B4C-AB96-ACB9A44547E2}.Debug|Any CPU.Build.0 = Debug|Any CPU
		{35AF6D5B-E167-4B4C-AB96-ACB9A44547E2}.Release|Any CPU.ActiveCfg = Release|Any CPU
		{35AF6D5B-E167-4B4C-AB96-ACB9A44547E2}.Release|Any CPU.Build.0 = Release|Any CPU
		{C9D51F72-30B8-4AD3-9ED4-7A9B1356B11A}.Debug|Any CPU.ActiveCfg = Debug|Any CPU
		{C9D51F72-30B8-4AD3-9ED4-7A9B1356B11A}.Debug|Any CPU.Build.0 = Debug|Any CPU
		{C9D51F72-30B8-4AD3-9ED4-7A9B1356B11A}.Release|Any CPU.ActiveCfg = Release|Any CPU
		{C9D51F72-30B8-4AD3-9ED4-7A9B1356B11A}.Release|Any CPU.Build.0 = Release|Any CPU
	EndGlobalSection
	GlobalSection(SolutionProperties) = preSolution
		HideSolutionNode = FALSE
	EndGlobalSection
	GlobalSection(ExtensibilityGlobals) = postSolution
		SolutionGuid = {436345C7-47AF-4E4D-9643-8CDB0B14D322}
	EndGlobalSection
EndGlobal
