
Microsoft Visual Studio Solution File, Format Version 12.00
# Visual Studio 15
VisualStudioVersion = 15.0.27004.2010
MinimumVisualStudioVersion = 10.0.40219.1
Project("{FAE04EC0-301F-11D3-BF4B-00C04F79EFBC}") = "Generics", "Generics\Generics.csproj", "{616256ED-5E48-47E4-B2F7-A4D2FB38F7BB}"
EndProject
Global
	GlobalSection(SolutionConfigurationPlatforms) = preSolution
		Debug|Any CPU = Debug|Any CPU
		Release|Any CPU = Release|Any CPU
	EndGlobalSection
	GlobalSection(ProjectConfigurationPlatforms) = postSolution
		{616256ED-5E48-47E4-B2F7-A4D2FB38F7BB}.Debug|Any CPU.ActiveCfg = Debug|Any CPU
		{616256ED-5E48-47E4-B2F7-A4D2FB38F7BB}.Debug|Any CPU.Build.0 = Debug|Any CPU
		{616256ED-5E48-47E4-B2F7-A4D2FB38F7BB}.Release|Any CPU.ActiveCfg = Release|Any CPU
		{616256ED-5E48-47E4-B2F7-A4D2FB38F7BB}.Release|Any CPU.Build.0 = Release|Any CPU
	EndGlobalSection
	GlobalSection(SolutionProperties) = preSolution
		HideSolutionNode = FALSE
	EndGlobalSection
	GlobalSection(ExtensibilityGlobals) = postSolution
		SolutionGuid = {82929679-DB08-495E-A0CB-5A6CBDBC6EF4}
	EndGlobalSection
EndGlobal
